
Microsoft Visual Studio Solution File, Format Version 12.00
# Visual Studio 15
Project("{FAE04EC0-301F-11D3-BF4B-00C04F79EFBC}") = "Assembly-CSharp", "Assembly-CSharp.csproj", "{D0A91704-C03E-2DD9-961D-03DC81E5B134}"
EndProject
Project("{FAE04EC0-301F-11D3-BF4B-00C04F79EFBC}") = "Assembly-CSharp-firstpass", "Assembly-CSharp-firstpass.csproj", "{403A0F9D-45E4-9AE0-3FBB-4E850653C1F9}"
EndProject
Project("{FAE04EC0-301F-11D3-BF4B-00C04F79EFBC}") = "Assembly-CSharp-Editor", "Assembly-CSharp-Editor.csproj", "{B85FD23D-7E40-D348-8FED-460A31D33CA7}"
EndProject
Project("{FAE04EC0-301F-11D3-BF4B-00C04F79EFBC}") = "Assembly-CSharp-Editor-firstpass", "Assembly-CSharp-Editor-firstpass.csproj", "{C7A22B17-88F0-9A7F-56BA-5CAEC36922EA}"
EndProject
Global
	GlobalSection(SolutionConfigurationPlatforms) = preSolution
		Debug|Any CPU = Debug|Any CPU
		Release|Any CPU = Release|Any CPU
	EndGlobalSection
	GlobalSection(ProjectConfigurationPlatforms) = postSolution
		{D0A91704-C03E-2DD9-961D-03DC81E5B134}.Debug|Any CPU.ActiveCfg = Debug|Any CPU
		{D0A91704-C03E-2DD9-961D-03DC81E5B134}.Debug|Any CPU.Build.0 = Debug|Any CPU
		{D0A91704-C03E-2DD9-961D-03DC81E5B134}.Release|Any CPU.ActiveCfg = Release|Any CPU
		{D0A91704-C03E-2DD9-961D-03DC81E5B134}.Release|Any CPU.Build.0 = Release|Any CPU
		{403A0F9D-45E4-9AE0-3FBB-4E850653C1F9}.Debug|Any CPU.ActiveCfg = Debug|Any CPU
		{403A0F9D-45E4-9AE0-3FBB-4E850653C1F9}.Debug|Any CPU.Build.0 = Debug|Any CPU
		{403A0F9D-45E4-9AE0-3FBB-4E850653C1F9}.Release|Any CPU.ActiveCfg = Release|Any CPU
		{403A0F9D-45E4-9AE0-3FBB-4E850653C1F9}.Release|Any CPU.Build.0 = Release|Any CPU
		{B85FD23D-7E40-D348-8FED-460A31D33CA7}.Debug|Any CPU.ActiveCfg = Debug|Any CPU
		{B85FD23D-7E40-D348-8FED-460A31D33CA7}.Debug|Any CPU.Build.0 = Debug|Any CPU
		{B85FD23D-7E40-D348-8FED-460A31D33CA7}.Release|Any CPU.ActiveCfg = Release|Any CPU
		{B85FD23D-7E40-D348-8FED-460A31D33CA7}.Release|Any CPU.Build.0 = Release|Any CPU
		{C7A22B17-88F0-9A7F-56BA-5CAEC36922EA}.Debug|Any CPU.ActiveCfg = Debug|Any CPU
		{C7A22B17-88F0-9A7F-56BA-5CAEC36922EA}.Debug|Any CPU.Build.0 = Debug|Any CPU
		{C7A22B17-88F0-9A7F-56BA-5CAEC36922EA}.Release|Any CPU.ActiveCfg = Release|Any CPU
		{C7A22B17-88F0-9A7F-56BA-5CAEC36922EA}.Release|Any CPU.Build.0 = Release|Any CPU
	EndGlobalSection
	GlobalSection(SolutionProperties) = preSolution
		HideSolutionNode = FALSE
	EndGlobalSection
EndGlobal
